// !$*UTF8*$!
{
	archiveVersion = 1;
	classes = {
	};
	objectVersion = 77;
	objects = {

/* Begin PBXBuildFile section */
		7E1C0000000000000000001C /* TeleCueCore in Frameworks */ = {isa = PBXBuildFile; productRef = 7E1C0000000000000000001B /* TeleCueCore */; };
/* End PBXBuildFile section */

/* Begin PBXContainerItemProxy section */
		7E1C0000000000000000002F /* PBXContainerItemProxy */ = {
			isa = PBXContainerItemProxy;
			containerPortal = 7E1C00000000000000000001 /* Project object */;
			proxyType = 1;
			remoteGlobalIDString = 7E1C00000000000000000010;
			remoteInfo = TeleCueiOS;
		};
		7E1C00000000000000000018 /* PBXContainerItemProxy */ = {
			isa = PBXContainerItemProxy;
			containerPortal = 7E1C00000000000000000001 /* Project object */;
			proxyType = 1;
			remoteGlobalIDString = 7E1C00000000000000000010;
			remoteInfo = TeleCueiOS;
		};
/* End PBXContainerItemProxy section */

/* Begin PBXFileReference section */
		7E1C00000000000000000006 /* TeleCue-Info.plist */ = {isa = PBXFileReference; lastKnownFileType = text.plist.xml; path = "TeleCue-Info.plist"; sourceTree = "<group>"; };
		7E1C00000000000000000007 /* TeleCue.app */ = {isa = PBXFileReference; explicitFileType = wrapper.application; includeInIndex = 0; path = TeleCue.app; sourceTree = BUILT_PRODUCTS_DIR; };
		7E1C00000000000000000008 /* TeleCueTests.xctest */ = {isa = PBXFileReference; explicitFileType = wrapper.cfbundle; includeInIndex = 0; path = TeleCueTests.xctest; sourceTree = BUILT_PRODUCTS_DIR; };
		7E1C0000000000000000002B /* TeleCueUITests.xctest */ = {isa = PBXFileReference; explicitFileType = wrapper.cfbundle; includeInIndex = 0; path = TeleCueUITests.xctest; sourceTree = BUILT_PRODUCTS_DIR; };
/* End PBXFileReference section */

/* Begin PBXFileSystemSynchronizedRootGroup section */
		7E1C00000000000000000004 /* TeleCue */ = {
			isa = PBXFileSystemSynchronizedRootGroup;
			path = TeleCue;
			sourceTree = "<group>";
		};
		7E1C00000000000000000005 /* TeleCueTests */ = {
			isa = PBXFileSystemSynchronizedRootGroup;
			path = TeleCueTests;
			sourceTree = "<group>";
		};
		7E1C0000000000000000002A /* TeleCueUITests */ = {
			isa = PBXFileSystemSynchronizedRootGroup;
			path = TeleCueUITests;
			sourceTree = "<group>";
		};
/* End PBXFileSystemSynchronizedRootGroup section */

/* Begin PBXFrameworksBuildPhase section */
		7E1C00000000000000000013 /* Frameworks */ = {
			isa = PBXFrameworksBuildPhase;
			buildActionMask = 2147483647;
			files = (
				7E1C0000000000000000001C /* TeleCueCore in Frameworks */,
			);
			runOnlyForDeploymentPostprocessing = 0;
		};
		7E1C00000000000000000016 /* Frameworks */ = {
			isa = PBXFrameworksBuildPhase;
			buildActionMask = 2147483647;
			files = (
			);
			runOnlyForDeploymentPostprocessing = 0;
		};
		7E1C0000000000000000002D /* Frameworks */ = {
			isa = PBXFrameworksBuildPhase;
			buildActionMask = 2147483647;
			files = (
			);
			runOnlyForDeploymentPostprocessing = 0;
		};
/* End PBXFrameworksBuildPhase section */

/* Begin PBXGroup section */
		7E1C00000000000000000002 = {
			isa = PBXGroup;
			children = (
				7E1C00000000000000000006 /* TeleCue-Info.plist */,
				7E1C00000000000000000004 /* TeleCue */,
				7E1C00000000000000000005 /* TeleCueTests */,
				7E1C0000000000000000002A /* TeleCueUITests */,
				7E1C00000000000000000003 /* Products */,
			);
			sourceTree = "<group>";
		};
		7E1C00000000000000000003 /* Products */ = {
			isa = PBXGroup;
			children = (
				7E1C00000000000000000007 /* TeleCue.app */,
				7E1C00000000000000000008 /* TeleCueTests.xctest */,
				7E1C0000000000000000002B /* TeleCueUITests.xctest */,
			);
			name = Products;
			sourceTree = "<group>";
		};
/* End PBXGroup section */

/* Begin PBXNativeTarget section */
		7E1C00000000000000000010 /* TeleCueiOS */ = {
			isa = PBXNativeTarget;
			buildConfigurationList = 7E1C00000000000000000021 /* Build configuration list for PBXNativeTarget "TeleCueiOS" */;
			buildPhases = (
				7E1C00000000000000000012 /* Sources */,
				7E1C00000000000000000013 /* Frameworks */,
				7E1C00000000000000000014 /* Resources */,
			);
			buildRules = (
			);
			dependencies = (
			);
			fileSystemSynchronizedGroups = (
				7E1C00000000000000000004 /* TeleCue */,
			);
			name = TeleCueiOS;
			packageProductDependencies = (
				7E1C0000000000000000001B /* TeleCueCore */,
			);
			productName = TeleCueiOS;
			productReference = 7E1C00000000000000000007 /* TeleCue.app */;
			productType = "com.apple.product-type.application";
		};
		7E1C00000000000000000011 /* TeleCueTests */ = {
			isa = PBXNativeTarget;
			buildConfigurationList = 7E1C00000000000000000022 /* Build configuration list for PBXNativeTarget "TeleCueTests" */;
			buildPhases = (
				7E1C00000000000000000015 /* Sources */,
				7E1C00000000000000000016 /* Frameworks */,
				7E1C00000000000000000017 /* Resources */,
			);
			buildRules = (
			);
			dependencies = (
				7E1C00000000000000000019 /* PBXTargetDependency */,
			);
			fileSystemSynchronizedGroups = (
				7E1C00000000000000000005 /* TeleCueTests */,
			);
			name = TeleCueTests;
			packageProductDependencies = (
			);
			productName = TeleCueTests;
			productReference = 7E1C00000000000000000008 /* TeleCueTests.xctest */;
			productType = "com.apple.product-type.bundle.unit-test";
		};
		7E1C00000000000000000029 /* TeleCueUITests */ = {
			isa = PBXNativeTarget;
			buildConfigurationList = 7E1C00000000000000000031 /* Build configuration list for PBXNativeTarget "TeleCueUITests" */;
			buildPhases = (
				7E1C0000000000000000002C /* Sources */,
				7E1C0000000000000000002D /* Frameworks */,
				7E1C0000000000000000002E /* Resources */,
			);
			buildRules = (
			);
			dependencies = (
				7E1C00000000000000000030 /* PBXTargetDependency */,
			);
			fileSystemSynchronizedGroups = (
				7E1C0000000000000000002A /* TeleCueUITests */,
			);
			name = TeleCueUITests;
			packageProductDependencies = (
			);
			productName = TeleCueUITests;
			productReference = 7E1C0000000000000000002B /* TeleCueUITests.xctest */;
			productType = "com.apple.product-type.bundle.ui-testing";
		};
/* End PBXNativeTarget section */

/* Begin PBXProject section */
		7E1C00000000000000000001 /* Project object */ = {
			isa = PBXProject;
			attributes = {
				BuildIndependentTargetsInParallel = 1;
				LastSwiftUpdateCheck = 1600;
				LastUpgradeCheck = 1600;
				TargetAttributes = {
					7E1C00000000000000000010 = {
						CreatedOnToolsVersion = 16.0;
					};
					7E1C00000000000000000011 = {
						CreatedOnToolsVersion = 16.0;
						TestTargetID = 7E1C00000000000000000010;
					};
					7E1C00000000000000000029 = {
						CreatedOnToolsVersion = 16.0;
						TestTargetID = 7E1C00000000000000000010;
					};
				};
			};
			buildConfigurationList = 7E1C00000000000000000020 /* Build configuration list for PBXProject "TeleCue" */;
			developmentRegion = en;
			hasScannedForEncodings = 0;
			knownRegions = (
				en,
				Base,
			);
			mainGroup = 7E1C00000000000000000002;
			minimizedProjectReferenceProxies = 1;
			packageReferences = (
				7E1C0000000000000000001A /* XCLocalSwiftPackageReference "../macos" */,
			);
			preferredProjectObjectVersion = 77;
			productRefGroup = 7E1C00000000000000000003 /* Products */;
			projectDirPath = "";
			projectRoot = "";
			targets = (
				7E1C00000000000000000010 /* TeleCueiOS */,
				7E1C00000000000000000011 /* TeleCueTests */,
				7E1C00000000000000000029 /* TeleCueUITests */,
			);
		};
/* End PBXProject section */

/* Begin PBXResourcesBuildPhase section */
		7E1C00000000000000000014 /* Resources */ = {
			isa = PBXResourcesBuildPhase;
			buildActionMask = 2147483647;
			files = (
			);
			runOnlyForDeploymentPostprocessing = 0;
		};
		7E1C00000000000000000017 /* Resources */ = {
			isa = PBXResourcesBuildPhase;
			buildActionMask = 2147483647;
			files = (
			);
			runOnlyForDeploymentPostprocessing = 0;
		};
		7E1C0000000000000000002E /* Resources */ = {
			isa = PBXResourcesBuildPhase;
			buildActionMask = 2147483647;
			files = (
			);
			runOnlyForDeploymentPostprocessing = 0;
		};
/* End PBXResourcesBuildPhase section */

/* Begin PBXSourcesBuildPhase section */
		7E1C00000000000000000012 /* Sources */ = {
			isa = PBXSourcesBuildPhase;
			buildActionMask = 2147483647;
			files = (
			);
			runOnlyForDeploymentPostprocessing = 0;
		};
		7E1C00000000000000000015 /* Sources */ = {
			isa = PBXSourcesBuildPhase;
			buildActionMask = 2147483647;
			files = (
			);
			runOnlyForDeploymentPostprocessing = 0;
		};
		7E1C0000000000000000002C /* Sources */ = {
			isa = PBXSourcesBuildPhase;
			buildActionMask = 2147483647;
			files = (
			);
			runOnlyForDeploymentPostprocessing = 0;
		};
/* End PBXSourcesBuildPhase section */

/* Begin PBXTargetDependency section */
		7E1C00000000000000000019 /* PBXTargetDependency */ = {
			isa = PBXTargetDependency;
			target = 7E1C00000000000000000010 /* TeleCueiOS */;
			targetProxy = 7E1C00000000000000000018 /* PBXContainerItemProxy */;
		};
		7E1C00000000000000000030 /* PBXTargetDependency */ = {
			isa = PBXTargetDependency;
			target = 7E1C00000000000000000010 /* TeleCueiOS */;
			targetProxy = 7E1C0000000000000000002F /* PBXContainerItemProxy */;
		};
/* End PBXTargetDependency section */

/* Begin XCBuildConfiguration section */
		7E1C00000000000000000023 /* Debug */ = {
			isa = XCBuildConfiguration;
			buildSettings = {
				ALWAYS_SEARCH_USER_PATHS = NO;
				ASSETCATALOG_COMPILER_GENERATE_SWIFT_ASSET_SYMBOL_EXTENSIONS = YES;
				CLANG_ANALYZER_NONNULL = YES;
				CLANG_ENABLE_MODULES = YES;
				CLANG_ENABLE_OBJC_ARC = YES;
				CLANG_WARN_DOCUMENTATION_COMMENTS = YES;
				CLANG_WARN_UNGUARDED_AVAILABILITY = YES_AGGRESSIVE;
				COPY_PHASE_STRIP = NO;
				DEBUG_INFORMATION_FORMAT = dwarf;
				ENABLE_STRICT_OBJC_MSGSEND = YES;
				ENABLE_TESTABILITY = YES;
				ENABLE_USER_SCRIPT_SANDBOXING = YES;
				GCC_C_LANGUAGE_STANDARD = gnu17;
				GCC_DYNAMIC_NO_PIC = NO;
				GCC_NO_COMMON_BLOCKS = YES;
				GCC_OPTIMIZATION_LEVEL = 0;
				GCC_PREPROCESSOR_DEFINITIONS = (
					"DEBUG=1",
					"$(inherited)",
				);
				IPHONEOS_DEPLOYMENT_TARGET = 17.0;
				LOCALIZATION_PREFERS_STRING_CATALOGS = YES;
				MTL_ENABLE_DEBUG_INFO = INCLUDE_SOURCE;
				MTL_FAST_MATH = YES;
				ONLY_ACTIVE_ARCH = YES;
				SDKROOT = iphoneos;
				SWIFT_ACTIVE_COMPILATION_CONDITIONS = "DEBUG $(inherited)";
				SWIFT_OPTIMIZATION_LEVEL = "-Onone";
				SWIFT_VERSION = 6.0;
			};
			name = Debug;
		};
		7E1C00000000000000000024 /* Release */ = {
			isa = XCBuildConfiguration;
			buildSettings = {
				ALWAYS_SEARCH_USER_PATHS = NO;
				ASSETCATALOG_COMPILER_GENERATE_SWIFT_ASSET_SYMBOL_EXTENSIONS = YES;
				CLANG_ANALYZER_NONNULL = YES;
				CLANG_ENABLE_MODULES = YES;
				CLANG_ENABLE_OBJC_ARC = YES;
				CLANG_WARN_DOCUMENTATION_COMMENTS = YES;
				CLANG_WARN_UNGUARDED_AVAILABILITY = YES_AGGRESSIVE;
				COPY_PHASE_STRIP = NO;
				DEBUG_INFORMATION_FORMAT = "dwarf-with-dsym";
				ENABLE_NS_ASSERTIONS = NO;
				ENABLE_STRICT_OBJC_MSGSEND = YES;
				ENABLE_USER_SCRIPT_SANDBOXING = YES;
				GCC_C_LANGUAGE_STANDARD = gnu17;
				GCC_NO_COMMON_BLOCKS = YES;
				IPHONEOS_DEPLOYMENT_TARGET = 17.0;
				LOCALIZATION_PREFERS_STRING_CATALOGS = YES;
				MTL_ENABLE_DEBUG_INFO = NO;
				MTL_FAST_MATH = YES;
				SDKROOT = iphoneos;
				SWIFT_COMPILATION_MODE = wholemodule;
				SWIFT_VERSION = 6.0;
				VALIDATE_PRODUCT = YES;
			};
			name = Release;
		};
		7E1C00000000000000000025 /* Debug */ = {
			isa = XCBuildConfiguration;
			buildSettings = {
				ASSETCATALOG_COMPILER_APPICON_NAME = AppIcon;
				CODE_SIGN_STYLE = Automatic;
				CURRENT_PROJECT_VERSION = 1;
				ENABLE_PREVIEWS = YES;
				GENERATE_INFOPLIST_FILE = YES;
				INFOPLIST_FILE = "TeleCue-Info.plist";
				INFOPLIST_KEY_CFBundleDisplayName = TeleCue;
				INFOPLIST_KEY_LSApplicationCategoryType = "public.app-category.productivity";
				INFOPLIST_KEY_NSHumanReadableCopyright = "© 2026 Danijel-James Wynyard. All rights reserved.";
				INFOPLIST_KEY_UIApplicationSceneManifest_Generation = YES;
				INFOPLIST_KEY_UIApplicationSupportsIndirectInputEvents = YES;
				INFOPLIST_KEY_UILaunchScreen_Generation = YES;
				INFOPLIST_KEY_UISupportedInterfaceOrientations_iPad = "UIInterfaceOrientationPortrait UIInterfaceOrientationPortraitUpsideDown UIInterfaceOrientationLandscapeLeft UIInterfaceOrientationLandscapeRight";
				INFOPLIST_KEY_UISupportedInterfaceOrientations_iPhone = "UIInterfaceOrientationPortrait UIInterfaceOrientationLandscapeLeft UIInterfaceOrientationLandscapeRight";
				LD_RUNPATH_SEARCH_PATHS = (
					"$(inherited)",
					"@executable_path/Frameworks",
				);
				MARKETING_VERSION = 0.2.0;
				PRODUCT_BUNDLE_IDENTIFIER = com.repasscloud.TeleCue;
				PRODUCT_MODULE_NAME = TeleCueiOS;
				PRODUCT_NAME = TeleCue;
				SUPPORTED_PLATFORMS = "iphoneos iphonesimulator";
				SUPPORTS_MACCATALYST = NO;
				SUPPORTS_MAC_DESIGNED_FOR_IPHONE_IPAD = NO;
				SUPPORTS_XR_DESIGNED_FOR_IPHONE_IPAD = NO;
				SWIFT_EMIT_LOC_STRINGS = YES;
				TARGETED_DEVICE_FAMILY = "1,2";
			};
			name = Debug;
		};
		7E1C00000000000000000026 /* Release */ = {
			isa = XCBuildConfiguration;
			buildSettings = {
				ASSETCATALOG_COMPILER_APPICON_NAME = AppIcon;
				CODE_SIGN_STYLE = Automatic;
				CURRENT_PROJECT_VERSION = 1;
				ENABLE_PREVIEWS = YES;
				GENERATE_INFOPLIST_FILE = YES;
				INFOPLIST_FILE = "TeleCue-Info.plist";
				INFOPLIST_KEY_CFBundleDisplayName = TeleCue;
				INFOPLIST_KEY_LSApplicationCategoryType = "public.app-category.productivity";
				INFOPLIST_KEY_NSHumanReadableCopyright = "© 2026 Danijel-James Wynyard. All rights reserved.";
				INFOPLIST_KEY_UIApplicationSceneManifest_Generation = YES;
				INFOPLIST_KEY_UIApplicationSupportsIndirectInputEvents = YES;
				INFOPLIST_KEY_UILaunchScreen_Generation = YES;
				INFOPLIST_KEY_UISupportedInterfaceOrientations_iPad = "UIInterfaceOrientationPortrait UIInterfaceOrientationPortraitUpsideDown UIInterfaceOrientationLandscapeLeft UIInterfaceOrientationLandscapeRight";
				INFOPLIST_KEY_UISupportedInterfaceOrientations_iPhone = "UIInterfaceOrientationPortrait UIInterfaceOrientationLandscapeLeft UIInterfaceOrientationLandscapeRight";
				LD_RUNPATH_SEARCH_PATHS = (
					"$(inherited)",
					"@executable_path/Frameworks",
				);
				MARKETING_VERSION = 0.2.0;
				PRODUCT_BUNDLE_IDENTIFIER = com.repasscloud.TeleCue;
				PRODUCT_MODULE_NAME = TeleCueiOS;
				PRODUCT_NAME = TeleCue;
				SUPPORTED_PLATFORMS = "iphoneos iphonesimulator";
				SUPPORTS_MACCATALYST = NO;
				SUPPORTS_MAC_DESIGNED_FOR_IPHONE_IPAD = NO;
				SUPPORTS_XR_DESIGNED_FOR_IPHONE_IPAD = NO;
				SWIFT_EMIT_LOC_STRINGS = YES;
				TARGETED_DEVICE_FAMILY = "1,2";
			};
			name = Release;
		};
		7E1C00000000000000000027 /* Debug */ = {
			isa = XCBuildConfiguration;
			buildSettings = {
				BUNDLE_LOADER = "$(TEST_HOST)";
				CODE_SIGN_STYLE = Automatic;
				CURRENT_PROJECT_VERSION = 1;
				GENERATE_INFOPLIST_FILE = YES;
				MARKETING_VERSION = 0.2.0;
				PRODUCT_BUNDLE_IDENTIFIER = com.repasscloud.TeleCueTests;
				PRODUCT_NAME = "$(TARGET_NAME)";
				SUPPORTED_PLATFORMS = "iphoneos iphonesimulator";
				SWIFT_EMIT_LOC_STRINGS = NO;
				TARGETED_DEVICE_FAMILY = "1,2";
				TEST_HOST = "$(BUILT_PRODUCTS_DIR)/TeleCue.app/$(BUNDLE_EXECUTABLE_FOLDER_PATH)/TeleCue";
			};
			name = Debug;
		};
		7E1C00000000000000000028 /* Release */ = {
			isa = XCBuildConfiguration;
			buildSettings = {
				BUNDLE_LOADER = "$(TEST_HOST)";
				CODE_SIGN_STYLE = Automatic;
				CURRENT_PROJECT_VERSION = 1;
				GENERATE_INFOPLIST_FILE = YES;
				MARKETING_VERSION = 0.2.0;
				PRODUCT_BUNDLE_IDENTIFIER = com.repasscloud.TeleCueTests;
				PRODUCT_NAME = "$(TARGET_NAME)";
				SUPPORTED_PLATFORMS = "iphoneos iphonesimulator";
				SWIFT_EMIT_LOC_STRINGS = NO;
				TARGETED_DEVICE_FAMILY = "1,2";
				TEST_HOST = "$(BUILT_PRODUCTS_DIR)/TeleCue.app/$(BUNDLE_EXECUTABLE_FOLDER_PATH)/TeleCue";
			};
			name = Release;
		};
		7E1C00000000000000000032 /* Debug */ = {
			isa = XCBuildConfiguration;
			buildSettings = {
				CODE_SIGN_STYLE = Automatic;
				CURRENT_PROJECT_VERSION = 1;
				GENERATE_INFOPLIST_FILE = YES;
				MARKETING_VERSION = 0.2.0;
				PRODUCT_BUNDLE_IDENTIFIER = com.repasscloud.TeleCueUITests;
				PRODUCT_NAME = "$(TARGET_NAME)";
				SUPPORTED_PLATFORMS = "iphoneos iphonesimulator";
				SWIFT_EMIT_LOC_STRINGS = NO;
				TARGETED_DEVICE_FAMILY = "1,2";
				TEST_TARGET_NAME = TeleCueiOS;
			};
			name = Debug;
		};
		7E1C00000000000000000033 /* Release */ = {
			isa = XCBuildConfiguration;
			buildSettings = {
				CODE_SIGN_STYLE = Automatic;
				CURRENT_PROJECT_VERSION = 1;
				GENERATE_INFOPLIST_FILE = YES;
				MARKETING_VERSION = 0.2.0;
				PRODUCT_BUNDLE_IDENTIFIER = com.repasscloud.TeleCueUITests;
				PRODUCT_NAME = "$(TARGET_NAME)";
				SUPPORTED_PLATFORMS = "iphoneos iphonesimulator";
				SWIFT_EMIT_LOC_STRINGS = NO;
				TARGETED_DEVICE_FAMILY = "1,2";
				TEST_TARGET_NAME = TeleCueiOS;
			};
			name = Release;
		};
/* End XCBuildConfiguration section */

/* Begin XCConfigurationList section */
		7E1C00000000000000000020 /* Build configuration list for PBXProject "TeleCue" */ = {
			isa = XCConfigurationList;
			buildConfigurations = (
				7E1C00000000000000000023 /* Debug */,
				7E1C00000000000000000024 /* Release */,
			);
			defaultConfigurationIsVisible = 0;
			defaultConfigurationName = Release;
		};
		7E1C00000000000000000021 /* Build configuration list for PBXNativeTarget "TeleCueiOS" */ = {
			isa = XCConfigurationList;
			buildConfigurations = (
				7E1C00000000000000000025 /* Debug */,
				7E1C00000000000000000026 /* Release */,
			);
			defaultConfigurationIsVisible = 0;
			defaultConfigurationName = Release;
		};
		7E1C00000000000000000022 /* Build configuration list for PBXNativeTarget "TeleCueTests" */ = {
			isa = XCConfigurationList;
			buildConfigurations = (
				7E1C00000000000000000027 /* Debug */,
				7E1C00000000000000000028 /* Release */,
			);
			defaultConfigurationIsVisible = 0;
			defaultConfigurationName = Release;
		};
		7E1C00000000000000000031 /* Build configuration list for PBXNativeTarget "TeleCueUITests" */ = {
			isa = XCConfigurationList;
			buildConfigurations = (
				7E1C00000000000000000032 /* Debug */,
				7E1C00000000000000000033 /* Release */,
			);
			defaultConfigurationIsVisible = 0;
			defaultConfigurationName = Release;
		};
/* End XCConfigurationList section */

/* Begin XCLocalSwiftPackageReference section */
		7E1C0000000000000000001A /* XCLocalSwiftPackageReference "../macos" */ = {
			isa = XCLocalSwiftPackageReference;
			relativePath = ../macos;
		};
/* End XCLocalSwiftPackageReference section */

/* Begin XCSwiftPackageProductDependency section */
		7E1C0000000000000000001B /* TeleCueCore */ = {
			isa = XCSwiftPackageProductDependency;
			package = 7E1C0000000000000000001A /* XCLocalSwiftPackageReference "../macos" */;
			productName = TeleCueCore;
		};
/* End XCSwiftPackageProductDependency section */
	};
	rootObject = 7E1C00000000000000000001 /* Project object */;
}
